
Microsoft Visual Studio Solution File, Format Version 12.00
# Visual Studio 15
VisualStudioVersion = 15.0.28307.271
MinimumVisualStudioVersion = 10.0.40219.1
Project("{FAE04EC0-301F-11D3-BF4B-00C04F79EFBC}") = "ISCSystem", "ISCSystem\ISCSystem.csproj", "{DED30099-C70F-4830-B6BA-BE664AD5C0D9}"
EndProject
Global
	GlobalSection(SolutionConfigurationPlatforms) = preSolution
		Debug|Any CPU = Debug|Any CPU
		Release|Any CPU = Release|Any CPU
	EndGlobalSection
	GlobalSection(ProjectConfigurationPlatforms) = postSolution
		{DED30099-C70F-4830-B6BA-BE664AD5C0D9}.Debug|Any CPU.ActiveCfg = Debug|Any CPU
		{DED30099-C70F-4830-B6BA-BE664AD5C0D9}.Debug|Any CPU.Build.0 = Debug|Any CPU
		{DED30099-C70F-4830-B6BA-BE664AD5C0D9}.Release|Any CPU.ActiveCfg = Release|Any CPU
		{DED30099-C70F-4830-B6BA-BE664AD5C0D9}.Release|Any CPU.Build.0 = Release|Any CPU
	EndGlobalSection
	GlobalSection(SolutionProperties) = preSolution
		HideSolutionNode = FALSE
	EndGlobalSection
	GlobalSection(ExtensibilityGlobals) = postSolution
		SolutionGuid = {8CA5DB22-4A41-4662-8777-7389D3C6D4FF}
	EndGlobalSection
EndGlobal
